
Microsoft Visual Studio Solution File, Format Version 12.00
# Visual Studio 14
VisualStudioVersion = 14.0.25123.0
MinimumVisualStudioVersion = 10.0.40219.1
Project("{FAE04EC0-301F-11D3-BF4B-00C04F79EFBC}") = "Glass.Redis.SessionProvider", "Glass.Redis.SessionProvider\Glass.Redis.SessionProvider.csproj", "{35D2A584-BD24-4A90-9B0E-FDA8D3589173}"
EndProject
Project("{FAE04EC0-301F-11D3-BF4B-00C04F79EFBC}") = "Glass.Redis.SessionProvider.Tests", "Glass.Redis.SessionProvider.Tests\Glass.Redis.SessionProvider.Tests.csproj", "{28770326-26B3-46A4-ABF0-9C7E831FF7E4}"
EndProject
Project("{2150E333-8FDC-42A3-9474-1A3956D46DE8}") = "Documents", "Documents", "{5CC099CA-A156-4A8E-8AE1-B17C003205F1}"
	ProjectSection(SolutionItems) = preProject
		ReadMe.md = ReadMe.md
	EndProjectSection
EndProject
Global
	GlobalSection(SolutionConfigurationPlatforms) = preSolution
		Debug|Any CPU = Debug|Any CPU
		Release|Any CPU = Release|Any CPU
	EndGlobalSection
	GlobalSection(ProjectConfigurationPlatforms) = postSolution
		{35D2A584-BD24-4A90-9B0E-FDA8D3589173}.Debug|Any CPU.ActiveCfg = Debug|Any CPU
		{35D2A584-BD24-4A90-9B0E-FDA8D3589173}.Debug|Any CPU.Build.0 = Debug|Any CPU
		{35D2A584-BD24-4A90-9B0E-FDA8D3589173}.Release|Any CPU.ActiveCfg = Release|Any CPU
		{35D2A584-BD24-4A90-9B0E-FDA8D3589173}.Release|Any CPU.Build.0 = Release|Any CPU
		{28770326-26B3-46A4-ABF0-9C7E831FF7E4}.Debug|Any CPU.ActiveCfg = Debug|Any CPU
		{28770326-26B3-46A4-ABF0-9C7E831FF7E4}.Debug|Any CPU.Build.0 = Debug|Any CPU
		{28770326-26B3-46A4-ABF0-9C7E831FF7E4}.Release|Any CPU.ActiveCfg = Release|Any CPU
		{28770326-26B3-46A4-ABF0-9C7E831FF7E4}.Release|Any CPU.Build.0 = Release|Any CPU
	EndGlobalSection
	GlobalSection(SolutionProperties) = preSolution
		HideSolutionNode = FALSE
	EndGlobalSection
EndGlobal
